# THIS IS AN AUTOGENERATED FILE. DO NOT EDIT THIS FILE DIRECTLY.
# yarn lockfile v1


"@noble/curves@^1.3.0":
  version "1.8.1"
  resolved "https://registry.yarnpkg.com/@noble/curves/-/curves-1.8.1.tgz#19bc3970e205c99e4bdb1c64a4785706bce497ff"
  integrity sha512-warwspo+UYUPep0Q+vtdVB4Ugn8GGQj8iyB3gnRWsztmUHTI3S1nhdiWNsPUGL0vud7JlRRk1XEu7Lq1KGTnMQ==
  dependencies:
    "@noble/hashes" "1.7.1"

"@noble/hashes@1.7.1", "@noble/hashes@^1.3.1", "@noble/hashes@^1.3.3":
  version "1.7.1"
  resolved "https://registry.yarnpkg.com/@noble/hashes/-/hashes-1.7.1.tgz#5738f6d765710921e7a751e00c20ae091ed8db0f"
  integrity sha512-B8XBPsn4vT/KJAGqDzbwztd+6Yte3P4V7iafm24bxgDe/mlRuK6xmWPuCNrKt2vDafZ8MfJLlchDG/vYafQEjQ==

"@polkadot-api/json-rpc-provider-proxy@^0.1.0":
  version "0.1.0"
  resolved "https://registry.yarnpkg.com/@polkadot-api/json-rpc-provider-proxy/-/json-rpc-provider-proxy-0.1.0.tgz#6e191f28e7d0fbbe8b540fc51d12a0adaeba297e"
  integrity sha512-8GSFE5+EF73MCuLQm8tjrbCqlgclcHBSRaswvXziJ0ZW7iw3UEMsKkkKvELayWyBuOPa2T5i1nj6gFOeIsqvrg==

"@polkadot-api/json-rpc-provider@0.0.1", "@polkadot-api/json-rpc-provider@^0.0.1":
  version "0.0.1"
  resolved "https://registry.yarnpkg.com/@polkadot-api/json-rpc-provider/-/json-rpc-provider-0.0.1.tgz#333645d40ccd9bccfd1f32503f17e4e63e76e297"
  integrity sha512-/SMC/l7foRjpykLTUTacIH05H3mr9ip8b5xxfwXlVezXrNVLp3Cv0GX6uItkKd+ZjzVPf3PFrDF2B2/HLSNESA==

"@polkadot-api/metadata-builders@0.3.2":
  version "0.3.2"
  resolved "https://registry.yarnpkg.com/@polkadot-api/metadata-builders/-/metadata-builders-0.3.2.tgz#007f158c9e0546cf79ba440befc0c753ab1a6629"
  integrity sha512-TKpfoT6vTb+513KDzMBTfCb/ORdgRnsS3TDFpOhAhZ08ikvK+hjHMt5plPiAX/OWkm1Wc9I3+K6W0hX5Ab7MVg==
  dependencies:
    "@polkadot-api/substrate-bindings" "0.6.0"
    "@polkadot-api/utils" "0.1.0"

"@polkadot-api/observable-client@^0.3.0":
  version "0.3.2"
  resolved "https://registry.yarnpkg.com/@polkadot-api/observable-client/-/observable-client-0.3.2.tgz#fd91efee350595a6e0ecfd3f294cc80de86c0cf7"
  integrity sha512-HGgqWgEutVyOBXoGOPp4+IAq6CNdK/3MfQJmhCJb8YaJiaK4W6aRGrdQuQSTPHfERHCARt9BrOmEvTXAT257Ug==
  dependencies:
    "@polkadot-api/metadata-builders" "0.3.2"
    "@polkadot-api/substrate-bindings" "0.6.0"
    "@polkadot-api/utils" "0.1.0"

"@polkadot-api/substrate-bindings@0.6.0":
  version "0.6.0"
  resolved "https://registry.yarnpkg.com/@polkadot-api/substrate-bindings/-/substrate-bindings-0.6.0.tgz#889b0c3ba19dc95282286506bf6e370a43ce119a"
  integrity sha512-lGuhE74NA1/PqdN7fKFdE5C1gNYX357j1tWzdlPXI0kQ7h3kN0zfxNOpPUN7dIrPcOFZ6C0tRRVrBylXkI6xPw==
  dependencies:
    "@noble/hashes" "^1.3.1"
    "@polkadot-api/utils" "0.1.0"
    "@scure/base" "^1.1.1"
    scale-ts "^1.6.0"

"@polkadot-api/substrate-client@^0.1.2":
  version "0.1.4"
  resolved "https://registry.yarnpkg.com/@polkadot-api/substrate-client/-/substrate-client-0.1.4.tgz#7a808e5cb85ecb9fa2b3a43945090a6c807430ce"
  integrity sha512-MljrPobN0ZWTpn++da9vOvt+Ex+NlqTlr/XT7zi9sqPtDJiQcYl+d29hFAgpaeTqbeQKZwz3WDE9xcEfLE8c5A==
  dependencies:
    "@polkadot-api/json-rpc-provider" "0.0.1"
    "@polkadot-api/utils" "0.1.0"

"@polkadot-api/utils@0.1.0":
  version "0.1.0"
  resolved "https://registry.yarnpkg.com/@polkadot-api/utils/-/utils-0.1.0.tgz#d36937cdc465c2ea302f3278cf53157340ab33a0"
  integrity sha512-MXzWZeuGxKizPx2Xf/47wx9sr/uxKw39bVJUptTJdsaQn/TGq+z310mHzf1RCGvC1diHM8f593KrnDgc9oNbJA==

"@polkadot/api-augment@15.7.2":
  version "15.7.2"
  resolved "https://registry.yarnpkg.com/@polkadot/api-augment/-/api-augment-15.7.2.tgz#88eef8a134d564124a15510a4e1dd6199ee5c5c8"
  integrity sha512-xCcZdU7Jh+ifpWHu9QMkp07BxeS3q0l87GZH0t+n9jcy2LKKLOFOe0heFFGizdncU8D8xDJ3nFmDykCv613xIQ==
  dependencies:
    "@polkadot/api-base" "15.7.2"
    "@polkadot/rpc-augment" "15.7.2"
    "@polkadot/types" "15.7.2"
    "@polkadot/types-augment" "15.7.2"
    "@polkadot/types-codec" "15.7.2"
    "@polkadot/util" "^13.4.3"
    tslib "^2.8.1"

"@polkadot/api-base@15.7.2":
  version "15.7.2"
  resolved "https://registry.yarnpkg.com/@polkadot/api-base/-/api-base-15.7.2.tgz#64c81757c25f361d2b00e4ca4d32dd8d0da8833c"
  integrity sha512-KXR3RU1x6SCH1akmg8f7G/N0HELjLi/PZPHvyNV+b4qsW37zcei4VQvhzF54IVC3i6jRwBppZSZ2h4PgA0Er+A==
  dependencies:
    "@polkadot/rpc-core" "15.7.2"
    "@polkadot/types" "15.7.2"
    "@polkadot/util" "^13.4.3"
    rxjs "^7.8.1"
    tslib "^2.8.1"

"@polkadot/api-derive@15.7.2":
  version "15.7.2"
  resolved "https://registry.yarnpkg.com/@polkadot/api-derive/-/api-derive-15.7.2.tgz#6a285a0c7987287361d4d072faaa75adab63315a"
  integrity sha512-n8K30ANTwg53J2rGxHTrqmQhTwmJ4xIGfen3WaCqCHDHRyAW3X1dwA6luk+GSXhhhETD3erm8guoitBmnVNTVg==
  dependencies:
    "@polkadot/api" "15.7.2"
    "@polkadot/api-augment" "15.7.2"
    "@polkadot/api-base" "15.7.2"
    "@polkadot/rpc-core" "15.7.2"
    "@polkadot/types" "15.7.2"
    "@polkadot/types-codec" "15.7.2"
    "@polkadot/util" "^13.4.3"
    "@polkadot/util-crypto" "^13.4.3"
    rxjs "^7.8.1"
    tslib "^2.8.1"

"@polkadot/api@15.7.2":
  version "15.7.2"
  resolved "https://registry.yarnpkg.com/@polkadot/api/-/api-15.7.2.tgz#45dd78d7f5a6f265fc66bb96e991238383a510ef"
  integrity sha512-B11cjOuxrs0BNFEXeq95NGD4DfFz0PC6PIjjk7JkhYMvm9LI22MOXdMkxVKf48mxF+ecEz15F2iuRthnnjqK1g==
  dependencies:
    "@polkadot/api-augment" "15.7.2"
    "@polkadot/api-base" "15.7.2"
    "@polkadot/api-derive" "15.7.2"
    "@polkadot/keyring" "^13.4.3"
    "@polkadot/rpc-augment" "15.7.2"
    "@polkadot/rpc-core" "15.7.2"
    "@polkadot/rpc-provider" "15.7.2"
    "@polkadot/types" "15.7.2"
    "@polkadot/types-augment" "15.7.2"
    "@polkadot/types-codec" "15.7.2"
    "@polkadot/types-create" "15.7.2"
    "@polkadot/types-known" "15.7.2"
    "@polkadot/util" "^13.4.3"
    "@polkadot/util-crypto" "^13.4.3"
    eventemitter3 "^5.0.1"
    rxjs "^7.8.1"
    tslib "^2.8.1"

"@polkadot/keyring@^13.4.3":
  version "13.4.3"
  resolved "https://registry.yarnpkg.com/@polkadot/keyring/-/keyring-13.4.3.tgz#b48f7dba4eb3c32d20c002b8325579596329d983"
  integrity sha512-2ePNcvBTznDN2luKbZM5fdxgAnj7V8m276qSTgrHlqKVvg9FsQpRCR6CAU+AjhnHzpe7uiZO+UH+jlXWefI3AA==
  dependencies:
    "@polkadot/util" "13.4.3"
    "@polkadot/util-crypto" "13.4.3"
    tslib "^2.8.0"

"@polkadot/networks@13.4.3", "@polkadot/networks@^13.4.3":
  version "13.4.3"
  resolved "https://registry.yarnpkg.com/@polkadot/networks/-/networks-13.4.3.tgz#383a696fdc76ec4e70bf6a7360a87970ff7f7d06"
  integrity sha512-Z+YZkltBt//CtkVH8ZYJ1z66qYxdI0yPamzkzZAqw6gj3gjgSxKtxB4baA/rcAw05QTvN2R3dLkkmKr2mnHovQ==
  dependencies:
    "@polkadot/util" "13.4.3"
    "@substrate/ss58-registry" "^1.51.0"
    tslib "^2.8.0"

"@polkadot/rpc-augment@15.7.2":
  version "15.7.2"
  resolved "https://registry.yarnpkg.com/@polkadot/rpc-augment/-/rpc-augment-15.7.2.tgz#238a2d8c77cb3355107d4559a6c8e39636444fbc"
  integrity sha512-sYstX325f+hyWjgg2WaAcUbem3pHP7ZvBtleT6WHcVFHQaR64wQj4ryKn9V3iKG570po+j2OqubSILzUf4UZwg==
  dependencies:
    "@polkadot/rpc-core" "15.7.2"
    "@polkadot/types" "15.7.2"
    "@polkadot/types-codec" "15.7.2"
    "@polkadot/util" "^13.4.3"
    tslib "^2.8.1"

"@polkadot/rpc-core@15.7.2":
  version "15.7.2"
  resolved "https://registry.yarnpkg.com/@polkadot/rpc-core/-/rpc-core-15.7.2.tgz#593e1725a72a87917c26e387d5a332f254c29110"
  integrity sha512-rveJkJBmzGLbcczzpNZekDjVlqbngpIaz5niZtlowiX+HeIsKiwtBtQL8t5grWBd49SkUArbM0s91yaG4AvUwA==
  dependencies:
    "@polkadot/rpc-augment" "15.7.2"
    "@polkadot/rpc-provider" "15.7.2"
    "@polkadot/types" "15.7.2"
    "@polkadot/util" "^13.4.3"
    rxjs "^7.8.1"
    tslib "^2.8.1"

"@polkadot/rpc-provider@15.7.2":
  version "15.7.2"
  resolved "https://registry.yarnpkg.com/@polkadot/rpc-provider/-/rpc-provider-15.7.2.tgz#5e8d1a6b3145a3a57ef953d49742195bb5d09a3a"
  integrity sha512-S9Y5TJNkR36qd4zhCiUeuX/KXUB6MRko2hfmQKcUVlnf4NqgTN8jmUV/rkAO9JEDvEAdnOpjc49u02VaEDiXfg==
  dependencies:
    "@polkadot/keyring" "^13.4.3"
    "@polkadot/types" "15.7.2"
    "@polkadot/types-support" "15.7.2"
    "@polkadot/util" "^13.4.3"
    "@polkadot/util-crypto" "^13.4.3"
    "@polkadot/x-fetch" "^13.4.3"
    "@polkadot/x-global" "^13.4.3"
    "@polkadot/x-ws" "^13.4.3"
    eventemitter3 "^5.0.1"
    mock-socket "^9.3.1"
    nock "^13.5.5"
    tslib "^2.8.1"
  optionalDependencies:
    "@substrate/connect" "0.8.11"

"@polkadot/types-augment@15.7.2":
  version "15.7.2"
  resolved "https://registry.yarnpkg.com/@polkadot/types-augment/-/types-augment-15.7.2.tgz#0677d823b25ea0c8769b1cd32368e94482957500"
  integrity sha512-ZArOnsNYybjjqhqpzzfLsqNXmeqCzr0TIFXnmjjmtiKCMdgMCqk4ys0blEWIuo3oY5uuHwcUVL1Rlhl4J6PVAg==
  dependencies:
    "@polkadot/types" "15.7.2"
    "@polkadot/types-codec" "15.7.2"
    "@polkadot/util" "^13.4.3"
    tslib "^2.8.1"

"@polkadot/types-codec@15.7.2":
  version "15.7.2"
  resolved "https://registry.yarnpkg.com/@polkadot/types-codec/-/types-codec-15.7.2.tgz#3e4ebe648f48627a3d9820d2cd9614aa37d56cf6"
  integrity sha512-aVqAlM6iA3r5xAwe93ZNBYL7gq6E6P9y+P1a5tCim11zQFB6mjz8EEhFiMbogUTVJLtuV71+UXSW5XMXMD5zbg==
  dependencies:
    "@polkadot/util" "^13.4.3"
    "@polkadot/x-bigint" "^13.4.3"
    tslib "^2.8.1"

"@polkadot/types-create@15.7.2":
  version "15.7.2"
  resolved "https://registry.yarnpkg.com/@polkadot/types-create/-/types-create-15.7.2.tgz#27bc21c87cb0171e23a6e93c07ec07e97f675242"
  integrity sha512-0/EOILopZv7xbCDzDSvfyJUVFECE2lzv9biGvqSY6oI5mUod3qe7RG0Mro8Ii0s7TvaIYENjB0QYN1qlU2TZHw==
  dependencies:
    "@polkadot/types-codec" "15.7.2"
    "@polkadot/util" "^13.4.3"
    tslib "^2.8.1"

"@polkadot/types-known@15.7.2":
  version "15.7.2"
  resolved "https://registry.yarnpkg.com/@polkadot/types-known/-/types-known-15.7.2.tgz#4aad5e747f2f397b670538b90071a7f613b04623"
  integrity sha512-tS57wAKKNhOi/oIg4DGz/tMReqtw5bLZ+E/CZxeYpdMU4Vdv00Wt4YjB/3dQ+3OtDjmXtVMqKz9HJqgasYEinw==
  dependencies:
    "@polkadot/networks" "^13.4.3"
    "@polkadot/types" "15.7.2"
    "@polkadot/types-codec" "15.7.2"
    "@polkadot/types-create" "15.7.2"
    "@polkadot/util" "^13.4.3"
    tslib "^2.8.1"

"@polkadot/types-support@15.7.2":
  version "15.7.2"
  resolved "https://registry.yarnpkg.com/@polkadot/types-support/-/types-support-15.7.2.tgz#1b464f0db07f43cf43fc17fbb7b1678339805000"
  integrity sha512-0B2NLB9dK/AQJqz0/X42b16yi8iZdvvd4+GIfouDEPOeBghGWMp4GZa1P7vVCEgVenE2BhkfXakw4+qflrakDQ==
  dependencies:
    "@polkadot/util" "^13.4.3"
    tslib "^2.8.1"

"@polkadot/types@15.7.2":
  version "15.7.2"
  resolved "https://registry.yarnpkg.com/@polkadot/types/-/types-15.7.2.tgz#27bd3dbd569ca6b4e25f932bb1b8bdbf867e7522"
  integrity sha512-D4XUW0CwfzeSsGtZf6c/qSSWBVEylABbqgMsmyq6YclF1ZTCTFbd7rMCJ1XTIwt1BTRuvdWiGule2bnisundFA==
  dependencies:
    "@polkadot/keyring" "^13.4.3"
    "@polkadot/types-augment" "15.7.2"
    "@polkadot/types-codec" "15.7.2"
    "@polkadot/types-create" "15.7.2"
    "@polkadot/util" "^13.4.3"
    "@polkadot/util-crypto" "^13.4.3"
    rxjs "^7.8.1"
    tslib "^2.8.1"

"@polkadot/util-crypto@13.4.3", "@polkadot/util-crypto@^13.4.3":
  version "13.4.3"
  resolved "https://registry.yarnpkg.com/@polkadot/util-crypto/-/util-crypto-13.4.3.tgz#6dbf3814949d6dc6f5f905bac26c057e9a5d18fc"
  integrity sha512-Ml0mjhKVetMrRCIosmVNMa6lbFPa3fSAeOggf34NsDIIQOKt9FL644iGz1ZSMOnBwN9qk2qHYmcFMTDXX2yKVQ==
  dependencies:
    "@noble/curves" "^1.3.0"
    "@noble/hashes" "^1.3.3"
    "@polkadot/networks" "13.4.3"
    "@polkadot/util" "13.4.3"
    "@polkadot/wasm-crypto" "^7.4.1"
    "@polkadot/wasm-util" "^7.4.1"
    "@polkadot/x-bigint" "13.4.3"
    "@polkadot/x-randomvalues" "13.4.3"
    "@scure/base" "^1.1.7"
    tslib "^2.8.0"

"@polkadot/util@13.4.3", "@polkadot/util@^13.4.3":
  version "13.4.3"
  resolved "https://registry.yarnpkg.com/@polkadot/util/-/util-13.4.3.tgz#b17449e89455b1f63aeedd5e73b7634b2d47f5a9"
  integrity sha512-6v2zvg8l7W22XvjYf7qv9tPQdYl2E6aXY94M4TZKsXZxmlS5BoG+A9Aq0+Gw8zBUjupjEmUkA6Y//msO8Zisug==
  dependencies:
    "@polkadot/x-bigint" "13.4.3"
    "@polkadot/x-global" "13.4.3"
    "@polkadot/x-textdecoder" "13.4.3"
    "@polkadot/x-textencoder" "13.4.3"
    "@types/bn.js" "^5.1.6"
    bn.js "^5.2.1"
    tslib "^2.8.0"

"@polkadot/wasm-bridge@7.4.1":
  version "7.4.1"
  resolved "https://registry.yarnpkg.com/@polkadot/wasm-bridge/-/wasm-bridge-7.4.1.tgz#dd59ebb7c425657aad64b1430e8455d14d935059"
  integrity sha512-tdkJaV453tezBxhF39r4oeG0A39sPKGDJmN81LYLf+Fihb7astzwju+u75BRmDrHZjZIv00un3razJEWCxze6g==
  dependencies:
    "@polkadot/wasm-util" "7.4.1"
    tslib "^2.7.0"

"@polkadot/wasm-crypto-asmjs@7.4.1":
  version "7.4.1"
  resolved "https://registry.yarnpkg.com/@polkadot/wasm-crypto-asmjs/-/wasm-crypto-asmjs-7.4.1.tgz#5d36f3f498077f826f2bbe742070574606e673e9"
  integrity sha512-pwU8QXhUW7IberyHJIQr37IhbB6DPkCG5FhozCiNTq4vFBsFPjm9q8aZh7oX1QHQaiAZa2m2/VjIVE+FHGbvHQ==
  dependencies:
    tslib "^2.7.0"

"@polkadot/wasm-crypto-init@7.4.1":
  version "7.4.1"
  resolved "https://registry.yarnpkg.com/@polkadot/wasm-crypto-init/-/wasm-crypto-init-7.4.1.tgz#88bc61c9473a7c39d9fafb27cd631215b053b836"
  integrity sha512-AVka33+f7MvXEEIGq5U0dhaA2SaXMXnxVCQyhJTaCnJ5bRDj0Xlm3ijwDEQUiaDql7EikbkkRtmlvs95eSUWYQ==
  dependencies:
    "@polkadot/wasm-bridge" "7.4.1"
    "@polkadot/wasm-crypto-asmjs" "7.4.1"
    "@polkadot/wasm-crypto-wasm" "7.4.1"
    "@polkadot/wasm-util" "7.4.1"
    tslib "^2.7.0"

"@polkadot/wasm-crypto-wasm@7.4.1":
  version "7.4.1"
  resolved "https://registry.yarnpkg.com/@polkadot/wasm-crypto-wasm/-/wasm-crypto-wasm-7.4.1.tgz#73d08f59aaf51ed70563c0099e7852fdeda03649"
  integrity sha512-PE1OAoupFR0ZOV2O8tr7D1FEUAwaggzxtfs3Aa5gr+yxlSOaWUKeqsOYe1KdrcjmZVV3iINEAXxgrbzCmiuONg==
  dependencies:
    "@polkadot/wasm-util" "7.4.1"
    tslib "^2.7.0"

"@polkadot/wasm-crypto@^7.4.1":
  version "7.4.1"
  resolved "https://registry.yarnpkg.com/@polkadot/wasm-crypto/-/wasm-crypto-7.4.1.tgz#6d5f94d28bf92ef234b94d55b0d1f4299cbbb7b7"
  integrity sha512-kHN/kF7hYxm1y0WeFLWeWir6oTzvcFmR4N8fJJokR+ajYbdmrafPN+6iLgQVbhZnDdxyv9jWDuRRsDnBx8tPMQ==
  dependencies:
    "@polkadot/wasm-bridge" "7.4.1"
    "@polkadot/wasm-crypto-asmjs" "7.4.1"
    "@polkadot/wasm-crypto-init" "7.4.1"
    "@polkadot/wasm-crypto-wasm" "7.4.1"
    "@polkadot/wasm-util" "7.4.1"
    tslib "^2.7.0"

"@polkadot/wasm-util@7.4.1", "@polkadot/wasm-util@^7.4.1":
  version "7.4.1"
  resolved "https://registry.yarnpkg.com/@polkadot/wasm-util/-/wasm-util-7.4.1.tgz#e8cea38a3b752efdef55080bb1da795ac71c5136"
  integrity sha512-RAcxNFf3zzpkr+LX/ItAsvj+QyM56TomJ0xjUMo4wKkHjwsxkz4dWJtx5knIgQz/OthqSDMR59VNEycQeNuXzA==
  dependencies:
    tslib "^2.7.0"

"@polkadot/x-bigint@13.4.3", "@polkadot/x-bigint@^13.4.3":
  version "13.4.3"
  resolved "https://registry.yarnpkg.com/@polkadot/x-bigint/-/x-bigint-13.4.3.tgz#96223a7d540e828e82a37a3f470521dcccbb9f00"
  integrity sha512-8NbjF5Q+5lflhvDFve58wULjCVcvXa932LKFtI5zL2gx5VDhMgyfkNcYRjHB18Ecl21963JuGzvGVTZNkh/i6g==
  dependencies:
    "@polkadot/x-global" "13.4.3"
    tslib "^2.8.0"

"@polkadot/x-fetch@^13.4.3":
  version "13.4.3"
  resolved "https://registry.yarnpkg.com/@polkadot/x-fetch/-/x-fetch-13.4.3.tgz#cb2c4c63db203f247bd712e36ce7cc017bb9e71c"
  integrity sha512-EwhcwROqWa7mvNTbLVNH71Hbyp5PW5j9lV2UpII5MZzRO95eYwV4oP/xgtTxC+60nC8lrvzAw0JxEHrmNzmtlg==
  dependencies:
    "@polkadot/x-global" "13.4.3"
    node-fetch "^3.3.2"
    tslib "^2.8.0"

"@polkadot/x-global@13.4.3", "@polkadot/x-global@^13.4.3":
  version "13.4.3"
  resolved "https://registry.yarnpkg.com/@polkadot/x-global/-/x-global-13.4.3.tgz#0f1d4606f16810061044e32a6e5af89651d31b59"
  integrity sha512-6c98kxZdoGRct3ua9Dz6/qz8wb3XFRUkaY+4+RzIgehKMPhu19pGWTrzmbJSyY9FtIpThuWKuDaBEvd5KgSxjA==
  dependencies:
    tslib "^2.8.0"

"@polkadot/x-randomvalues@13.4.3":
  version "13.4.3"
  resolved "https://registry.yarnpkg.com/@polkadot/x-randomvalues/-/x-randomvalues-13.4.3.tgz#33c81007d246c659bb4b5a7442497d30467a63e7"
  integrity sha512-pskXP/S2jROZ6aASExsUFlNp7GbJvQikKogvyvMMCzNIbUYLxpLuquLRa3MOORx2c0SNsENg90cx/zHT+IjPRQ==
  dependencies:
    "@polkadot/x-global" "13.4.3"
    tslib "^2.8.0"

"@polkadot/x-textdecoder@13.4.3":
  version "13.4.3"
  resolved "https://registry.yarnpkg.com/@polkadot/x-textdecoder/-/x-textdecoder-13.4.3.tgz#d67128d89fda99b882445ef1f9de4b782b1608ba"
  integrity sha512-k7Wg6csAPxfNtpBt3k5yUuPHYmRl/nl7H2OMr40upMjbZXbQ1RJW9Z3GBkLmQczG7NwwfAXHwQE9FYOMUtbuRQ==
  dependencies:
    "@polkadot/x-global" "13.4.3"
    tslib "^2.8.0"

"@polkadot/x-textencoder@13.4.3":
  version "13.4.3"
  resolved "https://registry.yarnpkg.com/@polkadot/x-textencoder/-/x-textencoder-13.4.3.tgz#fd9a06af967490ccdbe5969adfa68f35310b1a98"
  integrity sha512-byl2LbN1rnEXKmnsCzEDaIjSIHAr+1ciSe2yj3M0K+oWEEcaFZEovJaf/uoyzkcjn+/l8rDv3nget6mPuQ/DSw==
  dependencies:
    "@polkadot/x-global" "13.4.3"
    tslib "^2.8.0"

"@polkadot/x-ws@^13.4.3":
  version "13.4.3"
  resolved "https://registry.yarnpkg.com/@polkadot/x-ws/-/x-ws-13.4.3.tgz#dabc1ef8021fe58ecf3a8babdc246326faac241d"
  integrity sha512-GS0I6MYLD/xNAAjODZi/pbG7Ba0e/5sbvDIrT01iKH3SPGN+PZoyAsc04t2IOXA6QmPa1OBHnaU3N4K8gGmJ+w==
  dependencies:
    "@polkadot/x-global" "13.4.3"
    tslib "^2.8.0"
    ws "^8.18.0"

"@scure/base@^1.1.1", "@scure/base@^1.1.7":
  version "1.2.4"
  resolved "https://registry.yarnpkg.com/@scure/base/-/base-1.2.4.tgz#002eb571a35d69bdb4c214d0995dff76a8dcd2a9"
  integrity sha512-5Yy9czTO47mqz+/J8GM6GIId4umdCk1wc1q8rKERQulIoc8VP9pzDcghv10Tl2E7R96ZUx/PhND3ESYUQX8NuQ==

"@substrate/connect-extension-protocol@^2.0.0":
  version "2.2.2"
  resolved "https://registry.yarnpkg.com/@substrate/connect-extension-protocol/-/connect-extension-protocol-2.2.2.tgz#2cf8f2eaf1879308d307a1a08df83cd5db918fe0"
  integrity sha512-t66jwrXA0s5Goq82ZtjagLNd7DPGCNjHeehRlE/gcJmJ+G56C0W+2plqOMRicJ8XGR1/YFnUSEqUFiSNbjGrAA==

"@substrate/connect-known-chains@^1.1.5":
  version "1.9.2"
  resolved "https://registry.yarnpkg.com/@substrate/connect-known-chains/-/connect-known-chains-1.9.2.tgz#9cbed20cf03091f28fc4319fe2419f735729ce52"
  integrity sha512-uEmm+rKJQQhhbforvmcg74TsDHKFVBkstjPwblGT1RdHMxUKR7Gq7F8vbkGnr5ce9tMK2Ylil760Z7vtX013hw==

"@substrate/connect@0.8.11":
  version "0.8.11"
  resolved "https://registry.yarnpkg.com/@substrate/connect/-/connect-0.8.11.tgz#983ec69a05231636e217b573b8130a6b942af69f"
  integrity sha512-ofLs1PAO9AtDdPbdyTYj217Pe+lBfTLltdHDs3ds8no0BseoLeAGxpz1mHfi7zB4IxI3YyAiLjH6U8cw4pj4Nw==
  dependencies:
    "@substrate/connect-extension-protocol" "^2.0.0"
    "@substrate/connect-known-chains" "^1.1.5"
    "@substrate/light-client-extension-helpers" "^1.0.0"
    smoldot "2.0.26"

"@substrate/light-client-extension-helpers@^1.0.0":
  version "1.0.0"
  resolved "https://registry.yarnpkg.com/@substrate/light-client-extension-helpers/-/light-client-extension-helpers-1.0.0.tgz#7b60368c57e06e5cf798c6557422d12e6d81f1ff"
  integrity sha512-TdKlni1mBBZptOaeVrKnusMg/UBpWUORNDv5fdCaJklP4RJiFOzBCrzC+CyVI5kQzsXBisZ+2pXm+rIjS38kHg==
  dependencies:
    "@polkadot-api/json-rpc-provider" "^0.0.1"
    "@polkadot-api/json-rpc-provider-proxy" "^0.1.0"
    "@polkadot-api/observable-client" "^0.3.0"
    "@polkadot-api/substrate-client" "^0.1.2"
    "@substrate/connect-extension-protocol" "^2.0.0"
    "@substrate/connect-known-chains" "^1.1.5"
    rxjs "^7.8.1"

"@substrate/ss58-registry@^1.51.0":
  version "1.51.0"
  resolved "https://registry.yarnpkg.com/@substrate/ss58-registry/-/ss58-registry-1.51.0.tgz#39e0341eb4069c2d3e684b93f0d8cb0bec572383"
  integrity sha512-TWDurLiPxndFgKjVavCniytBIw+t4ViOi7TYp9h/D0NMmkEc9klFTo+827eyEJ0lELpqO207Ey7uGxUa+BS1jQ==

"@types/bn.js@^5.1.6":
  version "5.1.6"
  resolved "https://registry.yarnpkg.com/@types/bn.js/-/bn.js-5.1.6.tgz#9ba818eec0c85e4d3c679518428afdf611d03203"
  integrity sha512-Xh8vSwUeMKeYYrj3cX4lGQgFSF/N03r+tv4AiLl1SucqV+uTQpxRcnM8AkXKHwYP9ZPXOYXRr2KPXpVlIvqh9w==
  dependencies:
    "@types/node" "*"

"@types/node@*":
  version "18.16.1"
  resolved "https://registry.npmjs.org/@types/node/-/node-18.16.1.tgz"
  integrity sha512-DZxSZWXxFfOlx7k7Rv4LAyiMroaxa3Ly/7OOzZO8cBNho0YzAi4qlbrx8W27JGqG57IgR/6J7r+nOJWw6kcvZA==

ansi-regex@^5.0.1:
  version "5.0.1"
  resolved "https://registry.yarnpkg.com/ansi-regex/-/ansi-regex-5.0.1.tgz#082cb2c89c9fe8659a311a53bd6a4dc5301db304"
  integrity sha512-quJQXlTSUGL2LH9SUXo8VwsY4soanhgo6LNSm84E1LBcE8s3O0wpdiRzyR9z/ZZJMlMWv37qOOb9pdJlMUEKFQ==

ansi-styles@^4.0.0:
  version "4.3.0"
  resolved "https://registry.yarnpkg.com/ansi-styles/-/ansi-styles-4.3.0.tgz#edd803628ae71c04c85ae7a0906edad34b648937"
  integrity sha512-zbB9rCJAT1rbjiVDb2hqKFHNYLxgtk8NURxZ3IZwD3F6NtxbXZQCnnSi1Lkx+IDohdPlFp222wVALIheZJQSEg==
  dependencies:
    color-convert "^2.0.1"

bn.js@^5.2.1:
  version "5.2.1"
  resolved "https://registry.npmjs.org/bn.js/-/bn.js-5.2.1.tgz"
  integrity sha512-eXRvHzWyYPBuB4NBy0cmYQjGitUrtqwbvlzP3G6VFnNRbsZQIxQ10PbKKHt8gZ/HW/D/747aDl+QkDqg3KQLMQ==

cliui@^8.0.1:
  version "8.0.1"
  resolved "https://registry.yarnpkg.com/cliui/-/cliui-8.0.1.tgz#0c04b075db02cbfe60dc8e6cf2f5486b1a3608aa"
  integrity sha512-BSeNnyus75C4//NQ9gQt1/csTXyo/8Sb+afLAkzAptFuMsod9HFokGNudZpi/oQV73hnVK+sR+5PVRMd+Dr7YQ==
  dependencies:
    string-width "^4.2.0"
    strip-ansi "^6.0.1"
    wrap-ansi "^7.0.0"

color-convert@^2.0.1:
  version "2.0.1"
  resolved "https://registry.yarnpkg.com/color-convert/-/color-convert-2.0.1.tgz#72d3a68d598c9bdb3af2ad1e84f21d896abd4de3"
  integrity sha512-RRECPsj7iu/xb5oKYcsFHSppFNnsj/52OVTRKb4zP5onXwVF3zVmmToNcOfGC+CRDpfK/U584fMg38ZHCaElKQ==
  dependencies:
    color-name "~1.1.4"

color-name@~1.1.4:
  version "1.1.4"
  resolved "https://registry.yarnpkg.com/color-name/-/color-name-1.1.4.tgz#c2a09a87acbde69543de6f63fa3995c826c536a2"
  integrity sha512-dOy+3AuW3a2wNbZHIuMZpTcgjGuLU/uBL/ubcZF9OXbDo8ff4O8yVp5Bf0efS8uEoYo5q4Fx7dY9OgQGXgAsQA==

csv-writer@^1.6.0:
  version "1.6.0"
  resolved "https://registry.yarnpkg.com/csv-writer/-/csv-writer-1.6.0.tgz#d0cea44b6b4d7d3baa2ecc6f3f7209233514bcf9"
  integrity sha512-NOx7YDFWEsM/fTRAJjRpPp8t+MKRVvniAg9wQlUKx20MFrPs73WLJhFf5iteqrxNYnsy924K3Iroh3yNHeYd2g==

data-uri-to-buffer@^4.0.0:
  version "4.0.1"
  resolved "https://registry.npmjs.org/data-uri-to-buffer/-/data-uri-to-buffer-4.0.1.tgz"
  integrity sha512-0R9ikRb668HB7QDxT1vkpuUBtqc53YyAwMwGeUFKRojY/NWKvdZ+9UYtRfGmhqNbRkTSVpMbmyhXipFFv2cb/A==

debug@^4.1.0:
  version "4.3.4"
  resolved "https://registry.npmjs.org/debug/-/debug-4.3.4.tgz"
  integrity sha512-PRWFHuSU3eDtQJPvnNY7Jcket1j0t5OuOsFzPPzsekD52Zl8qUfFIPEiswXqIvHWGVHOgX+7G/vCNNhehwxfkQ==
  dependencies:
    ms "2.1.2"

emoji-regex@^8.0.0:
  version "8.0.0"
  resolved "https://registry.yarnpkg.com/emoji-regex/-/emoji-regex-8.0.0.tgz#e818fd69ce5ccfcb404594f842963bf53164cc37"
  integrity sha512-MSjYzcWNOA0ewAHpz0MxpYFvwg6yjy1NG3xteoqz644VCo/RPgnr1/GGt+ic3iJTzQ8Eu3TdM14SawnVUmGE6A==

escalade@^3.1.1:
  version "3.1.1"
  resolved "https://registry.yarnpkg.com/escalade/-/escalade-3.1.1.tgz#d8cfdc7000965c5a0174b4a82eaa5c0552742e40"
  integrity sha512-k0er2gUkLf8O0zKJiAhmkTnJlTvINGv7ygDNPbeIsX/TJjGJZHuh9B2UxbsaEkmlEo9MfhrSzmhIlhRlI2GXnw==

eventemitter3@^5.0.1:
  version "5.0.1"
  resolved "https://registry.yarnpkg.com/eventemitter3/-/eventemitter3-5.0.1.tgz#53f5ffd0a492ac800721bb42c66b841de96423c4"
  integrity sha512-GWkBvjiSZK87ELrYOSESUYeVIc9mvLLf/nXalMOS5dYrgZq9o5OVkbZAVM06CVxYsCwH9BDZFPlQTlPA1j4ahA==

fetch-blob@^3.1.2, fetch-blob@^3.1.4:
  version "3.2.0"
  resolved "https://registry.npmjs.org/fetch-blob/-/fetch-blob-3.2.0.tgz"
  integrity sha512-7yAQpD2UMJzLi1Dqv7qFYnPbaPx7ZfFK6PiIxQ4PfkGPyNyl2Ugx+a/umUonmKqjhM4DnfbMvdX6otXq83soQQ==
  dependencies:
    node-domexception "^1.0.0"
    web-streams-polyfill "^3.0.3"

formdata-polyfill@^4.0.10:
  version "4.0.10"
  resolved "https://registry.npmjs.org/formdata-polyfill/-/formdata-polyfill-4.0.10.tgz"
  integrity sha512-buewHzMvYL29jdeQTVILecSaZKnt/RJWjoZCF5OW60Z67/GmSLBkOFM7qh1PI3zFNtJbaZL5eQu1vLfazOwj4g==
  dependencies:
    fetch-blob "^3.1.2"

get-caller-file@^2.0.5:
  version "2.0.5"
  resolved "https://registry.yarnpkg.com/get-caller-file/-/get-caller-file-2.0.5.tgz#4f94412a82db32f36e3b0b9741f8a97feb031f7e"
  integrity sha512-DyFP3BM/3YHTQOCUL/w0OZHR0lpKeGrxotcHWcqNEdnltqFwXVfhEBQ94eIo34AfQpo0rGki4cyIiftY06h2Fg==

is-fullwidth-code-point@^3.0.0:
  version "3.0.0"
  resolved "https://registry.yarnpkg.com/is-fullwidth-code-point/-/is-fullwidth-code-point-3.0.0.tgz#f116f8064fe90b3f7844a38997c0b75051269f1d"
  integrity sha512-zymm5+u+sCsSWyD9qNaejV3DFvhCKclKdizYaJUuHA83RLjb7nSuGnddCHGv0hk+KY7BMAlsWeK4Ueg6EV6XQg==

json-stringify-safe@^5.0.1:
  version "5.0.1"
  resolved "https://registry.npmjs.org/json-stringify-safe/-/json-stringify-safe-5.0.1.tgz"
  integrity sha512-ZClg6AaYvamvYEE82d3Iyd3vSSIjQ+odgjaTzRuO3s7toCdFKczob2i0zCh7JE8kWn17yvAWhUVxvqGwUalsRA==

mock-socket@^9.3.1:
  version "9.3.1"
  resolved "https://registry.yarnpkg.com/mock-socket/-/mock-socket-9.3.1.tgz#24fb00c2f573c84812aa4a24181bb025de80cc8e"
  integrity sha512-qxBgB7Qa2sEQgHFjj0dSigq7fX4k6Saisd5Nelwp2q8mlbAFh5dHV9JTTlF8viYJLSSWgMCZFUom8PJcMNBoJw==

ms@2.1.2:
  version "2.1.2"
  resolved "https://registry.npmjs.org/ms/-/ms-2.1.2.tgz"
  integrity sha512-sGkPx+VjMtmA6MX27oA4FBFELFCZZ4S4XqeGOXCv68tT+jb3vk/RyaKWP0PTKyWtmLSM0b+adUTEvbs1PEaH2w==

nock@^13.5.5:
  version "13.5.6"
  resolved "https://registry.yarnpkg.com/nock/-/nock-13.5.6.tgz#5e693ec2300bbf603b61dae6df0225673e6c4997"
  integrity sha512-o2zOYiCpzRqSzPj0Zt/dQ/DqZeYoaQ7TUonc/xUPjCGl9WeHpNbxgVvOquXYAaJzI0M9BXV3HTzG0p8IUAbBTQ==
  dependencies:
    debug "^4.1.0"
    json-stringify-safe "^5.0.1"
    propagate "^2.0.0"

node-domexception@^1.0.0:
  version "1.0.0"
  resolved "https://registry.npmjs.org/node-domexception/-/node-domexception-1.0.0.tgz"
  integrity sha512-/jKZoMpw0F8GRwl4/eLROPA3cfcXtLApP0QzLmUT/HuPCZWyB7IY9ZrMeKw2O/nFIqPQB3PVM9aYm0F312AXDQ==

node-fetch@^3.3.2:
  version "3.3.2"
  resolved "https://registry.yarnpkg.com/node-fetch/-/node-fetch-3.3.2.tgz#d1e889bacdf733b4ff3b2b243eb7a12866a0b78b"
  integrity sha512-dRB78srN/l6gqWulah9SrxeYnxeddIG30+GOqK/9OlLVyLg3HPnr6SqOWTWOXKRwC2eGYCkZ59NNuSgvSrpgOA==
  dependencies:
    data-uri-to-buffer "^4.0.0"
    fetch-blob "^3.1.4"
    formdata-polyfill "^4.0.10"

propagate@^2.0.0:
  version "2.0.1"
  resolved "https://registry.npmjs.org/propagate/-/propagate-2.0.1.tgz"
  integrity sha512-vGrhOavPSTz4QVNuBNdcNXePNdNMaO1xj9yBeH1ScQPjk/rhg9sSlCXPhMkFuaNNW/syTvYqsnbIJxMBfRbbag==

require-directory@^2.1.1:
  version "2.1.1"
  resolved "https://registry.yarnpkg.com/require-directory/-/require-directory-2.1.1.tgz#8c64ad5fd30dab1c976e2344ffe7f792a6a6df42"
  integrity sha512-fGxEI7+wsG9xrvdjsrlmL22OMTTiHRwAMroiEeMgq8gzoLC/PQr7RsRDSTLUg/bZAZtF+TVIkHc6/4RIKrui+Q==

rxjs@^7.8.1:
  version "7.8.2"
  resolved "https://registry.yarnpkg.com/rxjs/-/rxjs-7.8.2.tgz#955bc473ed8af11a002a2be52071bf475638607b"
  integrity sha512-dhKf903U/PQZY6boNNtAGdWbG85WAbjT/1xYoZIC7FAY0yWapOBQVsVrDl58W86//e1VpMNBtRV4MaXfdMySFA==
  dependencies:
    tslib "^2.1.0"

scale-ts@^1.6.0:
  version "1.6.1"
  resolved "https://registry.yarnpkg.com/scale-ts/-/scale-ts-1.6.1.tgz#45151e156d6c04792223c39d8e7484ce926445f2"
  integrity sha512-PBMc2AWc6wSEqJYBDPcyCLUj9/tMKnLX70jLOSndMtcUoLQucP/DM0vnQo1wJAYjTrQiq8iG9rD0q6wFzgjH7g==

smoldot@2.0.26:
  version "2.0.26"
  resolved "https://registry.yarnpkg.com/smoldot/-/smoldot-2.0.26.tgz#0e64c7fcd26240fbe4c8d6b6e4b9a9aca77e00f6"
  integrity sha512-F+qYmH4z2s2FK+CxGj8moYcd1ekSIKH8ywkdqlOz88Dat35iB1DIYL11aILN46YSGMzQW/lbJNS307zBSDN5Ig==
  dependencies:
    ws "^8.8.1"

string-width@^4.1.0, string-width@^4.2.0, string-width@^4.2.3:
  version "4.2.3"
  resolved "https://registry.yarnpkg.com/string-width/-/string-width-4.2.3.tgz#269c7117d27b05ad2e536830a8ec895ef9c6d010"
  integrity sha512-wKyQRQpjJ0sIp62ErSZdGsjMJWsap5oRNihHhu6G7JVO/9jIB6UyevL+tXuOqrng8j/cxKTWyWUwvSTriiZz/g==
  dependencies:
    emoji-regex "^8.0.0"
    is-fullwidth-code-point "^3.0.0"
    strip-ansi "^6.0.1"

strip-ansi@^6.0.0, strip-ansi@^6.0.1:
  version "6.0.1"
  resolved "https://registry.yarnpkg.com/strip-ansi/-/strip-ansi-6.0.1.tgz#9e26c63d30f53443e9489495b2105d37b67a85d9"
  integrity sha512-Y38VPSHcqkFrCpFnQ9vuSXmquuv5oXOKpGeT6aGrr3o3Gc9AlVa6JBfUSOCnbxGGZF+/0ooI7KrPuUSztUdU5A==
  dependencies:
    ansi-regex "^5.0.1"

tslib@^2.1.0:
  version "2.5.0"
  resolved "https://registry.npmjs.org/tslib/-/tslib-2.5.0.tgz"
  integrity sha512-336iVw3rtn2BUK7ORdIAHTyxHGRIHVReokCR3XjbckJMK7ms8FysBfhLR8IXnAgy7T0PTPNBWKiH514FOW/WSg==

tslib@^2.7.0, tslib@^2.8.0, tslib@^2.8.1:
  version "2.8.1"
  resolved "https://registry.yarnpkg.com/tslib/-/tslib-2.8.1.tgz#612efe4ed235d567e8aba5f2a5fab70280ade83f"
  integrity sha512-oJFu94HQb+KVduSUQL7wnpmqnfmLsOA/nAh6b6EH0wCEoK0/mPeXU6c3wKDV83MkOuHPRHtSXKKU99IBazS/2w==

web-streams-polyfill@^3.0.3:
  version "3.2.1"
  resolved "https://registry.npmjs.org/web-streams-polyfill/-/web-streams-polyfill-3.2.1.tgz"
  integrity sha512-e0MO3wdXWKrLbL0DgGnUV7WHVuw9OUvL4hjgnPkIeEvESk74gAITi5G606JtZPp39cd8HA9VQzCIvA49LpPN5Q==

wrap-ansi@^7.0.0:
  version "7.0.0"
  resolved "https://registry.yarnpkg.com/wrap-ansi/-/wrap-ansi-7.0.0.tgz#67e145cff510a6a6984bdf1152911d69d2eb9e43"
  integrity sha512-YVGIj2kamLSTxw6NsZjoBxfSwsn0ycdesmc4p+Q21c5zPuZ1pl+NfxVdxPtdHvmNVOQ6XSYG4AUtyt/Fi7D16Q==
  dependencies:
    ansi-styles "^4.0.0"
    string-width "^4.1.0"
    strip-ansi "^6.0.0"

ws@^8.18.0:
  version "8.18.1"
  resolved "https://registry.yarnpkg.com/ws/-/ws-8.18.1.tgz#ea131d3784e1dfdff91adb0a4a116b127515e3cb"
  integrity sha512-RKW2aJZMXeMxVpnZ6bck+RswznaxmzdULiBr6KY7XkTnW8uvt0iT9H5DkHUChXrc+uurzwa0rVI16n/Xzjdz1w==

ws@^8.8.1:
  version "8.13.0"
  resolved "https://registry.npmjs.org/ws/-/ws-8.13.0.tgz"
  integrity sha512-x9vcZYTrFPC7aSIbj7sRCYo7L/Xb8Iy+pW0ng0wt2vCJv7M9HOMy0UoN3rr+IFC7hb7vXoqS+P9ktyLLLhO+LA==

y18n@^5.0.5:
  version "5.0.8"
  resolved "https://registry.yarnpkg.com/y18n/-/y18n-5.0.8.tgz#7f4934d0f7ca8c56f95314939ddcd2dd91ce1d55"
  integrity sha512-0pfFzegeDWJHJIAmTLRP2DwHjdF5s7jo9tuztdQxAhINCdvS+3nGINqPd00AphqJR/0LhANUS6/+7SCb98YOfA==

yargs-parser@^21.1.1:
  version "21.1.1"
  resolved "https://registry.yarnpkg.com/yargs-parser/-/yargs-parser-21.1.1.tgz#9096bceebf990d21bb31fa9516e0ede294a77d35"
  integrity sha512-tVpsJW7DdjecAiFpbIB1e3qxIQsE6NoPc5/eTdrbbIC4h0LVsWhnoa3g+m2HclBIujHzsxZ4VJVA+GUuc2/LBw==

yargs@^17.6.0:
  version "17.7.2"
  resolved "https://registry.yarnpkg.com/yargs/-/yargs-17.7.2.tgz#991df39aca675a192b816e1e0363f9d75d2aa269"
  integrity sha512-7dSzzRQ++CKnNI/krKnYRV7JKKPUXMEh61soaHKg9mrWEhzFWhFnxPxGl+69cD1Ou63C13NUPCnmIcrvqCuM6w==
  dependencies:
    cliui "^8.0.1"
    escalade "^3.1.1"
    get-caller-file "^2.0.5"
    require-directory "^2.1.1"
    string-width "^4.2.3"
    y18n "^5.0.5"
    yargs-parser "^21.1.1"
